// !$*UTF8*$!
{
	archiveVersion = 1;
	classes = {
	};
	objectVersion = 50;
	objects = {

/* Begin PBXBuildFile section */
		AAB3B056222CC6EA00FD9B89 /* home_btn@2x.png in Resources */ = {isa = PBXBuildFile; fileRef = AAB3B055222CC6EA00FD9B89 /* home_btn@2x.png */; };
		AAB3B05A222CCAFA00FD9B89 /* msg.png in Resources */ = {isa = PBXBuildFile; fileRef = AAB3B059222CCAFA00FD9B89 /* msg.png */; };
		AAB3B05C222CD2C800FD9B89 /* demo_listView.png in Resources */ = {isa = PBXBuildFile; fileRef = AAB3B05B222CD2C800FD9B89 /* demo_listView.png */; };
		AAB3B05E222CD89500FD9B89 /* demo_gridView.png in Resources */ = {isa = PBXBuildFile; fileRef = AAB3B05D222CD89400FD9B89 /* demo_gridView.png */; };
		C81D7994221F124F00703CD2 /* AppDelegate.m in Sources */ = {isa = PBXBuildFile; fileRef = C81D7993221F124F00703CD2 /* AppDelegate.m */; };
		C81D799F221F125000703CD2 /* LaunchScreen.storyboard in Resources */ = {isa = PBXBuildFile; fileRef = C81D799D221F125000703CD2 /* LaunchScreen.storyboard */; };
		C81D79A2221F125000703CD2 /* main.m in Sources */ = {isa = PBXBuildFile; fileRef = C81D79A1221F125000703CD2 /* main.m */; };
		C81D79AC221F125000703CD2 /* BookTraderTests.m in Sources */ = {isa = PBXBuildFile; fileRef = C81D79AB221F125000703CD2 /* BookTraderTests.m */; };
		C81D79B7221F125000703CD2 /* BookTraderUITests.m in Sources */ = {isa = PBXBuildFile; fileRef = C81D79B6221F125000703CD2 /* BookTraderUITests.m */; };
		C81D79E5221F12CF00703CD2 /* MsgCenterTabViewController.m in Sources */ = {isa = PBXBuildFile; fileRef = C81D79C4221F12CE00703CD2 /* MsgCenterTabViewController.m */; };
		C81D79E6221F12CF00703CD2 /* HomePageTabViewController.m in Sources */ = {isa = PBXBuildFile; fileRef = C81D79C6221F12CE00703CD2 /* HomePageTabViewController.m */; };
		C81D79E7221F12CF00703CD2 /* MsgCenterTabView.m in Sources */ = {isa = PBXBuildFile; fileRef = C81D79C9221F12CE00703CD2 /* MsgCenterTabView.m */; };
		C81D79E8221F12CF00703CD2 /* QuickSellTabViewController.m in Sources */ = {isa = PBXBuildFile; fileRef = C81D79CB221F12CE00703CD2 /* QuickSellTabViewController.m */; };
		C81D79E9221F12CF00703CD2 /* AccountTabView.m in Sources */ = {isa = PBXBuildFile; fileRef = C81D79CD221F12CE00703CD2 /* AccountTabView.m */; };
		C81D79EA221F12CF00703CD2 /* LoginPageViewController.m in Sources */ = {isa = PBXBuildFile; fileRef = C81D79D0221F12CE00703CD2 /* LoginPageViewController.m */; };
		C81D79EB221F12CF00703CD2 /* HomePageTabView.m in Sources */ = {isa = PBXBuildFile; fileRef = C81D79D1221F12CE00703CD2 /* HomePageTabView.m */; };
		C81D79EC221F12CF00703CD2 /* AccountTabViewController.m in Sources */ = {isa = PBXBuildFile; fileRef = C81D79D5221F12CF00703CD2 /* AccountTabViewController.m */; };
		C81D79ED221F12CF00703CD2 /* BookItem.m in Sources */ = {isa = PBXBuildFile; fileRef = C81D79D6221F12CF00703CD2 /* BookItem.m */; };
		C81D79EE221F12CF00703CD2 /* LoginPageView.m in Sources */ = {isa = PBXBuildFile; fileRef = C81D79D7221F12CF00703CD2 /* LoginPageView.m */; };
		C81D79EF221F12CF00703CD2 /* BookItemGrid.m in Sources */ = {isa = PBXBuildFile; fileRef = C81D79D8221F12CF00703CD2 /* BookItemGrid.m */; };
		C81D79F0221F12CF00703CD2 /* QuickSellTabView.m in Sources */ = {isa = PBXBuildFile; fileRef = C81D79D9221F12CF00703CD2 /* QuickSellTabView.m */; };
		C81D79F1221F12CF00703CD2 /* ViewController.m in Sources */ = {isa = PBXBuildFile; fileRef = C81D79DB221F12CF00703CD2 /* ViewController.m */; };
		C81D79F2221F12CF00703CD2 /* bookSample2.png in Resources */ = {isa = PBXBuildFile; fileRef = C81D79DF221F12CF00703CD2 /* bookSample2.png */; };
		C81D79F3221F12D000703CD2 /* bookSample.jpg in Resources */ = {isa = PBXBuildFile; fileRef = C81D79E0221F12CF00703CD2 /* bookSample.jpg */; };
		C81D79F4221F12D000703CD2 /* ku.png in Resources */ = {isa = PBXBuildFile; fileRef = C81D79E1221F12CF00703CD2 /* ku.png */; };
		C81D79F5221F12D000703CD2 /* bookstore-logo.jpg in Resources */ = {isa = PBXBuildFile; fileRef = C81D79E2221F12CF00703CD2 /* bookstore-logo.jpg */; };
		C81D79F6221F12D000703CD2 /* book_store.jpeg in Resources */ = {isa = PBXBuildFile; fileRef = C81D79E3221F12CF00703CD2 /* book_store.jpeg */; };
		C81D79F7221F12D000703CD2 /* images.png in Resources */ = {isa = PBXBuildFile; fileRef = C81D79E4221F12CF00703CD2 /* images.png */; };
		C81D79FC221F160D00703CD2 /* Main.storyboard in Resources */ = {isa = PBXBuildFile; fileRef = C81D79FA221F160D00703CD2 /* Main.storyboard */; };
		C8EA294A222C4A3800FDB7F0 /* SignupStep2View.m in Sources */ = {isa = PBXBuildFile; fileRef = C8EA2943222C4A3700FDB7F0 /* SignupStep2View.m */; };
		C8EA294B222C4A3800FDB7F0 /* SignupStep1View.m in Sources */ = {isa = PBXBuildFile; fileRef = C8EA2946222C4A3700FDB7F0 /* SignupStep1View.m */; };
		C8EA294C222C4A3800FDB7F0 /* SignupSuccessView.m in Sources */ = {isa = PBXBuildFile; fileRef = C8EA2947222C4A3800FDB7F0 /* SignupSuccessView.m */; };
		C8EA294D222C4A3800FDB7F0 /* SignupStep3View.m in Sources */ = {isa = PBXBuildFile; fileRef = C8EA2948222C4A3800FDB7F0 /* SignupStep3View.m */; };
		C8EA2951222C5BA400FDB7F0 /* SignupStep1Controller.m in Sources */ = {isa = PBXBuildFile; fileRef = C8EA2950222C5BA400FDB7F0 /* SignupStep1Controller.m */; };
		C8EA2954222C5BBA00FDB7F0 /* SignupStep2Controller.m in Sources */ = {isa = PBXBuildFile; fileRef = C8EA2953222C5BBA00FDB7F0 /* SignupStep2Controller.m */; };
		C8EA2957222C5BD300FDB7F0 /* SignupStep3Controller.m in Sources */ = {isa = PBXBuildFile; fileRef = C8EA2956222C5BD300FDB7F0 /* SignupStep3Controller.m */; };
		C8EA295A222C5BF100FDB7F0 /* SignupSuccessController.m in Sources */ = {isa = PBXBuildFile; fileRef = C8EA2959222C5BF100FDB7F0 /* SignupSuccessController.m */; };
		C8EA295F222C5E7800FDB7F0 /* BaseController.m in Sources */ = {isa = PBXBuildFile; fileRef = C8EA295E222C5E7800FDB7F0 /* BaseController.m */; };
		D2533896224ACF2800BE7BF8 /* UserModel.m in Sources */ = {isa = PBXBuildFile; fileRef = D2533894224ACF2800BE7BF8 /* UserModel.m */; };
		D2533897224ACF2800BE7BF8 /* BookModel.m in Sources */ = {isa = PBXBuildFile; fileRef = D2533895224ACF2800BE7BF8 /* BookModel.m */; };
		D253389C224ACF3C00BE7BF8 /* AVCamCameraViewController.m in Sources */ = {isa = PBXBuildFile; fileRef = D253389A224ACF3C00BE7BF8 /* AVCamCameraViewController.m */; };
		D253389D224ACF3C00BE7BF8 /* productViewController.m in Sources */ = {isa = PBXBuildFile; fileRef = D253389B224ACF3C00BE7BF8 /* productViewController.m */; };
		D25338AA224ACFCE00BE7BF8 /* productView.m in Sources */ = {isa = PBXBuildFile; fileRef = D25338A7224ACFCE00BE7BF8 /* productView.m */; };
		D25338AB224ACFCE00BE7BF8 /* AVCamPreviewView.m in Sources */ = {isa = PBXBuildFile; fileRef = D25338A8224ACFCE00BE7BF8 /* AVCamPreviewView.m */; };
		D25338AD224ACFE900BE7BF8 /* scan.png in Resources */ = {isa = PBXBuildFile; fileRef = D25338AC224ACFE900BE7BF8 /* scan.png */; };
/* End PBXBuildFile section */

/* Begin PBXContainerItemProxy section */
		C81D79A8221F125000703CD2 /* PBXContainerItemProxy */ = {
			isa = PBXContainerItemProxy;
			containerPortal = C81D7987221F124F00703CD2 /* Project object */;
			proxyType = 1;
			remoteGlobalIDString = C81D798E221F124F00703CD2;
			remoteInfo = BookTrader;
		};
		C81D79B3221F125000703CD2 /* PBXContainerItemProxy */ = {
			isa = PBXContainerItemProxy;
			containerPortal = C81D7987221F124F00703CD2 /* Project object */;
			proxyType = 1;
			remoteGlobalIDString = C81D798E221F124F00703CD2;
			remoteInfo = BookTrader;
		};
/* End PBXContainerItemProxy section */

/* Begin PBXFileReference section */
		AAB3B055222CC6EA00FD9B89 /* home_btn@2x.png */ = {isa = PBXFileReference; lastKnownFileType = image.png; path = "home_btn@2x.png"; sourceTree = "<group>"; };
		AAB3B059222CCAFA00FD9B89 /* msg.png */ = {isa = PBXFileReference; lastKnownFileType = image.png; path = msg.png; sourceTree = "<group>"; };
		AAB3B05B222CD2C800FD9B89 /* demo_listView.png */ = {isa = PBXFileReference; lastKnownFileType = image.png; path = demo_listView.png; sourceTree = "<group>"; };
		AAB3B05D222CD89400FD9B89 /* demo_gridView.png */ = {isa = PBXFileReference; lastKnownFileType = image.png; path = demo_gridView.png; sourceTree = "<group>"; };
		C81D798F221F124F00703CD2 /* BookTrader.app */ = {isa = PBXFileReference; explicitFileType = wrapper.application; includeInIndex = 0; path = BookTrader.app; sourceTree = BUILT_PRODUCTS_DIR; };
		C81D7992221F124F00703CD2 /* AppDelegate.h */ = {isa = PBXFileReference; lastKnownFileType = sourcecode.c.h; path = AppDelegate.h; sourceTree = "<group>"; };
		C81D7993221F124F00703CD2 /* AppDelegate.m */ = {isa = PBXFileReference; lastKnownFileType = sourcecode.c.objc; path = AppDelegate.m; sourceTree = "<group>"; tabWidth = 5; };
		C81D799E221F125000703CD2 /* Base */ = {isa = PBXFileReference; lastKnownFileType = file.storyboard; name = Base; path = Base.lproj/LaunchScreen.storyboard; sourceTree = "<group>"; };
		C81D79A0221F125000703CD2 /* Info.plist */ = {isa = PBXFileReference; lastKnownFileType = text.plist.xml; path = Info.plist; sourceTree = "<group>"; };
		C81D79A1221F125000703CD2 /* main.m */ = {isa = PBXFileReference; lastKnownFileType = sourcecode.c.objc; path = main.m; sourceTree = "<group>"; };
		C81D79A7221F125000703CD2 /* BookTraderTests.xctest */ = {isa = PBXFileReference; explicitFileType = wrapper.cfbundle; includeInIndex = 0; path = BookTraderTests.xctest; sourceTree = BUILT_PRODUCTS_DIR; };
		C81D79AB221F125000703CD2 /* BookTraderTests.m */ = {isa = PBXFileReference; lastKnownFileType = sourcecode.c.objc; path = BookTraderTests.m; sourceTree = "<group>"; };
		C81D79AD221F125000703CD2 /* Info.plist */ = {isa = PBXFileReference; lastKnownFileType = text.plist.xml; path = Info.plist; sourceTree = "<group>"; };
		C81D79B2221F125000703CD2 /* BookTraderUITests.xctest */ = {isa = PBXFileReference; explicitFileType = wrapper.cfbundle; includeInIndex = 0; path = BookTraderUITests.xctest; sourceTree = BUILT_PRODUCTS_DIR; };
		C81D79B6221F125000703CD2 /* BookTraderUITests.m */ = {isa = PBXFileReference; lastKnownFileType = sourcecode.c.objc; path = BookTraderUITests.m; sourceTree = "<group>"; };
		C81D79B8221F125000703CD2 /* Info.plist */ = {isa = PBXFileReference; lastKnownFileType = text.plist.xml; path = Info.plist; sourceTree = "<group>"; };
		C81D79C4221F12CE00703CD2 /* MsgCenterTabViewController.m */ = {isa = PBXFileReference; fileEncoding = 4; lastKnownFileType = sourcecode.c.objc; path = MsgCenterTabViewController.m; sourceTree = "<group>"; };
		C81D79C5221F12CE00703CD2 /* AccountTabView.h */ = {isa = PBXFileReference; fileEncoding = 4; lastKnownFileType = sourcecode.c.h; path = AccountTabView.h; sourceTree = "<group>"; };
		C81D79C6221F12CE00703CD2 /* HomePageTabViewController.m */ = {isa = PBXFileReference; fileEncoding = 4; lastKnownFileType = sourcecode.c.objc; path = HomePageTabViewController.m; sourceTree = "<group>"; };
		C81D79C7221F12CE00703CD2 /* HomePageTabView.h */ = {isa = PBXFileReference; fileEncoding = 4; lastKnownFileType = sourcecode.c.h; path = HomePageTabView.h; sourceTree = "<group>"; };
		C81D79C8221F12CE00703CD2 /* MsgCenterTabView.h */ = {isa = PBXFileReference; fileEncoding = 4; lastKnownFileType = sourcecode.c.h; path = MsgCenterTabView.h; sourceTree = "<group>"; };
		C81D79C9221F12CE00703CD2 /* MsgCenterTabView.m */ = {isa = PBXFileReference; fileEncoding = 4; lastKnownFileType = sourcecode.c.objc; path = MsgCenterTabView.m; sourceTree = "<group>"; };
		C81D79CA221F12CE00703CD2 /* QuickSellTabView.h */ = {isa = PBXFileReference; fileEncoding = 4; lastKnownFileType = sourcecode.c.h; path = QuickSellTabView.h; sourceTree = "<group>"; };
		C81D79CB221F12CE00703CD2 /* QuickSellTabViewController.m */ = {isa = PBXFileReference; fileEncoding = 4; lastKnownFileType = sourcecode.c.objc; path = QuickSellTabViewController.m; sourceTree = "<group>"; };
		C81D79CC221F12CE00703CD2 /* LoginPageViewController.h */ = {isa = PBXFileReference; fileEncoding = 4; lastKnownFileType = sourcecode.c.h; path = LoginPageViewController.h; sourceTree = "<group>"; };
		C81D79CD221F12CE00703CD2 /* AccountTabView.m */ = {isa = PBXFileReference; fileEncoding = 4; lastKnownFileType = sourcecode.c.objc; path = AccountTabView.m; sourceTree = "<group>"; };
		C81D79CE221F12CE00703CD2 /* HomePageTabViewController.h */ = {isa = PBXFileReference; fileEncoding = 4; lastKnownFileType = sourcecode.c.h; path = HomePageTabViewController.h; sourceTree = "<group>"; };
		C81D79CF221F12CE00703CD2 /* AccountTabViewController.h */ = {isa = PBXFileReference; fileEncoding = 4; lastKnownFileType = sourcecode.c.h; path = AccountTabViewController.h; sourceTree = "<group>"; };
		C81D79D0221F12CE00703CD2 /* LoginPageViewController.m */ = {isa = PBXFileReference; fileEncoding = 4; lastKnownFileType = sourcecode.c.objc; path = LoginPageViewController.m; sourceTree = "<group>"; };
		C81D79D1221F12CE00703CD2 /* HomePageTabView.m */ = {isa = PBXFileReference; fileEncoding = 4; lastKnownFileType = sourcecode.c.objc; path = HomePageTabView.m; sourceTree = "<group>"; };
		C81D79D2221F12CE00703CD2 /* LoginPageView.h */ = {isa = PBXFileReference; fileEncoding = 4; lastKnownFileType = sourcecode.c.h; path = LoginPageView.h; sourceTree = "<group>"; };
		C81D79D3221F12CE00703CD2 /* MsgCenterTabViewController.h */ = {isa = PBXFileReference; fileEncoding = 4; lastKnownFileType = sourcecode.c.h; path = MsgCenterTabViewController.h; sourceTree = "<group>"; };
		C81D79D4221F12CF00703CD2 /* BookItem.h */ = {isa = PBXFileReference; fileEncoding = 4; lastKnownFileType = sourcecode.c.h; path = BookItem.h; sourceTree = "<group>"; };
		C81D79D5221F12CF00703CD2 /* AccountTabViewController.m */ = {isa = PBXFileReference; fileEncoding = 4; lastKnownFileType = sourcecode.c.objc; path = AccountTabViewController.m; sourceTree = "<group>"; };
		C81D79D6221F12CF00703CD2 /* BookItem.m */ = {isa = PBXFileReference; fileEncoding = 4; lastKnownFileType = sourcecode.c.objc; path = BookItem.m; sourceTree = "<group>"; };
		C81D79D7221F12CF00703CD2 /* LoginPageView.m */ = {isa = PBXFileReference; fileEncoding = 4; lastKnownFileType = sourcecode.c.objc; path = LoginPageView.m; sourceTree = "<group>"; };
		C81D79D8221F12CF00703CD2 /* BookItemGrid.m */ = {isa = PBXFileReference; fileEncoding = 4; lastKnownFileType = sourcecode.c.objc; path = BookItemGrid.m; sourceTree = "<group>"; };
		C81D79D9221F12CF00703CD2 /* QuickSellTabView.m */ = {isa = PBXFileReference; fileEncoding = 4; lastKnownFileType = sourcecode.c.objc; path = QuickSellTabView.m; sourceTree = "<group>"; };
		C81D79DA221F12CF00703CD2 /* ViewController.h */ = {isa = PBXFileReference; fileEncoding = 4; lastKnownFileType = sourcecode.c.h; path = ViewController.h; sourceTree = "<group>"; };
		C81D79DB221F12CF00703CD2 /* ViewController.m */ = {isa = PBXFileReference; fileEncoding = 4; lastKnownFileType = sourcecode.c.objc; path = ViewController.m; sourceTree = "<group>"; };
		C81D79DC221F12CF00703CD2 /* QuickSellTabViewController.h */ = {isa = PBXFileReference; fileEncoding = 4; lastKnownFileType = sourcecode.c.h; path = QuickSellTabViewController.h; sourceTree = "<group>"; };
		C81D79DD221F12CF00703CD2 /* BookItemGrid.h */ = {isa = PBXFileReference; fileEncoding = 4; lastKnownFileType = sourcecode.c.h; path = BookItemGrid.h; sourceTree = "<group>"; };
		C81D79DF221F12CF00703CD2 /* bookSample2.png */ = {isa = PBXFileReference; lastKnownFileType = image.png; path = bookSample2.png; sourceTree = "<group>"; };
		C81D79E0221F12CF00703CD2 /* bookSample.jpg */ = {isa = PBXFileReference; lastKnownFileType = image.jpeg; path = bookSample.jpg; sourceTree = "<group>"; };
		C81D79E1221F12CF00703CD2 /* ku.png */ = {isa = PBXFileReference; lastKnownFileType = image.png; path = ku.png; sourceTree = "<group>"; };
		C81D79E2221F12CF00703CD2 /* bookstore-logo.jpg */ = {isa = PBXFileReference; lastKnownFileType = image.jpeg; path = "bookstore-logo.jpg"; sourceTree = "<group>"; };
		C81D79E3221F12CF00703CD2 /* book_store.jpeg */ = {isa = PBXFileReference; lastKnownFileType = image.jpeg; path = book_store.jpeg; sourceTree = "<group>"; };
		C81D79E4221F12CF00703CD2 /* images.png */ = {isa = PBXFileReference; lastKnownFileType = image.png; path = images.png; sourceTree = "<group>"; };
		C81D79FB221F160D00703CD2 /* Base */ = {isa = PBXFileReference; lastKnownFileType = file.storyboard; name = Base; path = Base.lproj/Main.storyboard; sourceTree = "<group>"; };
		C8EA2942222C4A3700FDB7F0 /* SignupSuccessView.h */ = {isa = PBXFileReference; fileEncoding = 4; lastKnownFileType = sourcecode.c.h; path = SignupSuccessView.h; sourceTree = "<group>"; };
		C8EA2943222C4A3700FDB7F0 /* SignupStep2View.m */ = {isa = PBXFileReference; fileEncoding = 4; lastKnownFileType = sourcecode.c.objc; path = SignupStep2View.m; sourceTree = "<group>"; };
		C8EA2945222C4A3700FDB7F0 /* SignupStep1View.h */ = {isa = PBXFileReference; fileEncoding = 4; lastKnownFileType = sourcecode.c.h; path = SignupStep1View.h; sourceTree = "<group>"; };
		C8EA2946222C4A3700FDB7F0 /* SignupStep1View.m */ = {isa = PBXFileReference; fileEncoding = 4; lastKnownFileType = sourcecode.c.objc; path = SignupStep1View.m; sourceTree = "<group>"; };
		C8EA2947222C4A3800FDB7F0 /* SignupSuccessView.m */ = {isa = PBXFileReference; fileEncoding = 4; lastKnownFileType = sourcecode.c.objc; path = SignupSuccessView.m; sourceTree = "<group>"; };
		C8EA2948222C4A3800FDB7F0 /* SignupStep3View.m */ = {isa = PBXFileReference; fileEncoding = 4; lastKnownFileType = sourcecode.c.objc; path = SignupStep3View.m; sourceTree = "<group>"; };
		C8EA2949222C4A3800FDB7F0 /* SignupStep3View.h */ = {isa = PBXFileReference; fileEncoding = 4; lastKnownFileType = sourcecode.c.h; path = SignupStep3View.h; sourceTree = "<group>"; };
		C8EA294E222C4E2800FDB7F0 /* SignupStep2View.h */ = {isa = PBXFileReference; lastKnownFileType = sourcecode.c.h; path = SignupStep2View.h; sourceTree = "<group>"; };
		C8EA294F222C5B9B00FDB7F0 /* SignupStep1Controller.h */ = {isa = PBXFileReference; lastKnownFileType = sourcecode.c.h; path = SignupStep1Controller.h; sourceTree = "<group>"; };
		C8EA2950222C5BA400FDB7F0 /* SignupStep1Controller.m */ = {isa = PBXFileReference; lastKnownFileType = sourcecode.c.objc; path = SignupStep1Controller.m; sourceTree = "<group>"; };
		C8EA2952222C5BB200FDB7F0 /* SignupStep2Controller.h */ = {isa = PBXFileReference; lastKnownFileType = sourcecode.c.h; path = SignupStep2Controller.h; sourceTree = "<group>"; };
		C8EA2953222C5BBA00FDB7F0 /* SignupStep2Controller.m */ = {isa = PBXFileReference; lastKnownFileType = sourcecode.c.objc; path = SignupStep2Controller.m; sourceTree = "<group>"; };
		C8EA2955222C5BC900FDB7F0 /* SignupStep3Controller.h */ = {isa = PBXFileReference; lastKnownFileType = sourcecode.c.h; path = SignupStep3Controller.h; sourceTree = "<group>"; };
		C8EA2956222C5BD300FDB7F0 /* SignupStep3Controller.m */ = {isa = PBXFileReference; lastKnownFileType = sourcecode.c.objc; path = SignupStep3Controller.m; sourceTree = "<group>"; };
		C8EA2959222C5BF100FDB7F0 /* SignupSuccessController.m */ = {isa = PBXFileReference; lastKnownFileType = sourcecode.c.objc; path = SignupSuccessController.m; sourceTree = "<group>"; };
		C8EA295B222C5C0C00FDB7F0 /* SignupSuccessController.h */ = {isa = PBXFileReference; lastKnownFileType = sourcecode.c.h; path = SignupSuccessController.h; sourceTree = "<group>"; };
		C8EA295D222C5E6900FDB7F0 /* BaseController.h */ = {isa = PBXFileReference; lastKnownFileType = sourcecode.c.h; path = BaseController.h; sourceTree = "<group>"; };
		C8EA295E222C5E7800FDB7F0 /* BaseController.m */ = {isa = PBXFileReference; lastKnownFileType = sourcecode.c.objc; path = BaseController.m; sourceTree = "<group>"; };
		D2533892224ACF2800BE7BF8 /* UserModel.h */ = {isa = PBXFileReference; fileEncoding = 4; lastKnownFileType = sourcecode.c.h; path = UserModel.h; sourceTree = "<group>"; };
		D2533893224ACF2800BE7BF8 /* BookModel.h */ = {isa = PBXFileReference; fileEncoding = 4; lastKnownFileType = sourcecode.c.h; path = BookModel.h; sourceTree = "<group>"; };
		D2533894224ACF2800BE7BF8 /* UserModel.m */ = {isa = PBXFileReference; fileEncoding = 4; lastKnownFileType = sourcecode.c.objc; path = UserModel.m; sourceTree = "<group>"; };
		D2533895224ACF2800BE7BF8 /* BookModel.m */ = {isa = PBXFileReference; fileEncoding = 4; lastKnownFileType = sourcecode.c.objc; path = BookModel.m; sourceTree = "<group>"; };
		D2533898224ACF3C00BE7BF8 /* AVCamCameraViewController.h */ = {isa = PBXFileReference; fileEncoding = 4; lastKnownFileType = sourcecode.c.h; path = AVCamCameraViewController.h; sourceTree = "<group>"; };
		D2533899224ACF3C00BE7BF8 /* productViewController.h */ = {isa = PBXFileReference; fileEncoding = 4; lastKnownFileType = sourcecode.c.h; path = productViewController.h; sourceTree = "<group>"; };
		D253389A224ACF3C00BE7BF8 /* AVCamCameraViewController.m */ = {isa = PBXFileReference; fileEncoding = 4; lastKnownFileType = sourcecode.c.objc; path = AVCamCameraViewController.m; sourceTree = "<group>"; };
		D253389B224ACF3C00BE7BF8 /* productViewController.m */ = {isa = PBXFileReference; fileEncoding = 4; lastKnownFileType = sourcecode.c.objc; path = productViewController.m; sourceTree = "<group>"; };
		D25338A5224ACFCE00BE7BF8 /* AVCamPreviewView.h */ = {isa = PBXFileReference; fileEncoding = 4; lastKnownFileType = sourcecode.c.h; path = AVCamPreviewView.h; sourceTree = "<group>"; };
		D25338A6224ACFCE00BE7BF8 /* productView.h */ = {isa = PBXFileReference; fileEncoding = 4; lastKnownFileType = sourcecode.c.h; path = productView.h; sourceTree = "<group>"; };
		D25338A7224ACFCE00BE7BF8 /* productView.m */ = {isa = PBXFileReference; fileEncoding = 4; lastKnownFileType = sourcecode.c.objc; path = productView.m; sourceTree = "<group>"; };
		D25338A8224ACFCE00BE7BF8 /* AVCamPreviewView.m */ = {isa = PBXFileReference; fileEncoding = 4; lastKnownFileType = sourcecode.c.objc; path = AVCamPreviewView.m; sourceTree = "<group>"; };
		D25338A9224ACFCE00BE7BF8 /* bookCell.h */ = {isa = PBXFileReference; fileEncoding = 4; lastKnownFileType = sourcecode.c.h; path = bookCell.h; sourceTree = "<group>"; };
		D25338AC224ACFE900BE7BF8 /* scan.png */ = {isa = PBXFileReference; lastKnownFileType = image.png; path = scan.png; sourceTree = "<group>"; };
/* End PBXFileReference section */

/* Begin PBXFrameworksBuildPhase section */
		C81D798C221F124F00703CD2 /* Frameworks */ = {
			isa = PBXFrameworksBuildPhase;
			buildActionMask = 2147483647;
			files = (
			);
			runOnlyForDeploymentPostprocessing = 0;
		};
		C81D79A4221F125000703CD2 /* Frameworks */ = {
			isa = PBXFrameworksBuildPhase;
			buildActionMask = 2147483647;
			files = (
			);
			runOnlyForDeploymentPostprocessing = 0;
		};
		C81D79AF221F125000703CD2 /* Frameworks */ = {
			isa = PBXFrameworksBuildPhase;
			buildActionMask = 2147483647;
			files = (
			);
			runOnlyForDeploymentPostprocessing = 0;
		};
/* End PBXFrameworksBuildPhase section */

/* Begin PBXGroup section */
		C81D7986221F124F00703CD2 = {
			isa = PBXGroup;
			children = (
				C81D7991221F124F00703CD2 /* BookTrader */,
				C81D79AA221F125000703CD2 /* BookTraderTests */,
				C81D79B5221F125000703CD2 /* BookTraderUITests */,
				C81D7990221F124F00703CD2 /* Products */,
			);
			sourceTree = "<group>";
		};
		C81D7990221F124F00703CD2 /* Products */ = {
			isa = PBXGroup;
			children = (
				C81D798F221F124F00703CD2 /* BookTrader.app */,
				C81D79A7221F125000703CD2 /* BookTraderTests.xctest */,
				C81D79B2221F125000703CD2 /* BookTraderUITests.xctest */,
			);
			name = Products;
			sourceTree = "<group>";
		};
		C81D7991221F124F00703CD2 /* BookTrader */ = {
			isa = PBXGroup;
			children = (
				C8EA295C222C5E0C00FDB7F0 /* components */,
				C81D79FF221F180D00703CD2 /* View */,
				C81D79FE221F180600703CD2 /* Controller */,
				C81D79FD221F17F900703CD2 /* Model */,
				C81D79DE221F12CF00703CD2 /* image */,
				C81D7992221F124F00703CD2 /* AppDelegate.h */,
				C81D7993221F124F00703CD2 /* AppDelegate.m */,
				C81D79FA221F160D00703CD2 /* Main.storyboard */,
				C81D79DD221F12CF00703CD2 /* BookItemGrid.h */,
				C81D79D8221F12CF00703CD2 /* BookItemGrid.m */,
				C81D79DA221F12CF00703CD2 /* ViewController.h */,
				C81D79DB221F12CF00703CD2 /* ViewController.m */,
				C81D799D221F125000703CD2 /* LaunchScreen.storyboard */,
				C81D79A0221F125000703CD2 /* Info.plist */,
				C81D79A1221F125000703CD2 /* main.m */,
			);
			path = BookTrader;
			sourceTree = "<group>";
		};
		C81D79AA221F125000703CD2 /* BookTraderTests */ = {
			isa = PBXGroup;
			children = (
				C81D79AB221F125000703CD2 /* BookTraderTests.m */,
				C81D79AD221F125000703CD2 /* Info.plist */,
			);
			path = BookTraderTests;
			sourceTree = "<group>";
		};
		C81D79B5221F125000703CD2 /* BookTraderUITests */ = {
			isa = PBXGroup;
			children = (
				C81D79B6221F125000703CD2 /* BookTraderUITests.m */,
				C81D79B8221F125000703CD2 /* Info.plist */,
			);
			path = BookTraderUITests;
			sourceTree = "<group>";
		};
		C81D79DE221F12CF00703CD2 /* image */ = {
			isa = PBXGroup;
			children = (
				D25338AC224ACFE900BE7BF8 /* scan.png */,
				AAB3B05D222CD89400FD9B89 /* demo_gridView.png */,
				AAB3B05B222CD2C800FD9B89 /* demo_listView.png */,
				AAB3B059222CCAFA00FD9B89 /* msg.png */,
				AAB3B055222CC6EA00FD9B89 /* home_btn@2x.png */,
				C81D79DF221F12CF00703CD2 /* bookSample2.png */,
				C81D79E0221F12CF00703CD2 /* bookSample.jpg */,
				C81D79E1221F12CF00703CD2 /* ku.png */,
				C81D79E2221F12CF00703CD2 /* bookstore-logo.jpg */,
				C81D79E3221F12CF00703CD2 /* book_store.jpeg */,
				C81D79E4221F12CF00703CD2 /* images.png */,
			);
			path = image;
			sourceTree = "<group>";
		};
		C81D79FD221F17F900703CD2 /* Model */ = {
			isa = PBXGroup;
			children = (
				D2533893224ACF2800BE7BF8 /* BookModel.h */,
				D2533895224ACF2800BE7BF8 /* BookModel.m */,
				D2533892224ACF2800BE7BF8 /* UserModel.h */,
				D2533894224ACF2800BE7BF8 /* UserModel.m */,
				C81D79D4221F12CF00703CD2 /* BookItem.h */,
				C81D79D6221F12CF00703CD2 /* BookItem.m */,
			);
			path = Model;
			sourceTree = "<group>";
		};
		C81D79FE221F180600703CD2 /* Controller */ = {
			isa = PBXGroup;
			children = (
				D2533898224ACF3C00BE7BF8 /* AVCamCameraViewController.h */,
				D253389A224ACF3C00BE7BF8 /* AVCamCameraViewController.m */,
				D2533899224ACF3C00BE7BF8 /* productViewController.h */,
				D253389B224ACF3C00BE7BF8 /* productViewController.m */,
				C81D7A03221F1F2100703CD2 /* login\singup */,
				C81D79D3221F12CE00703CD2 /* MsgCenterTabViewController.h */,
				C81D79C4221F12CE00703CD2 /* MsgCenterTabViewController.m */,
				C81D79C6221F12CE00703CD2 /* HomePageTabViewController.m */,
				C81D79CE221F12CE00703CD2 /* HomePageTabViewController.h */,
				C81D79DC221F12CF00703CD2 /* QuickSellTabViewController.h */,
				C81D79CB221F12CE00703CD2 /* QuickSellTabViewController.m */,
				C81D79CF221F12CE00703CD2 /* AccountTabViewController.h */,
				C81D79D5221F12CF00703CD2 /* AccountTabViewController.m */,
			);
			path = Controller;
			sourceTree = "<group>";
		};
		C81D79FF221F180D00703CD2 /* View */ = {
			isa = PBXGroup;
			children = (
				D25338A5224ACFCE00BE7BF8 /* AVCamPreviewView.h */,
				D25338A8224ACFCE00BE7BF8 /* AVCamPreviewView.m */,
				D25338A9224ACFCE00BE7BF8 /* bookCell.h */,
				D25338A6224ACFCE00BE7BF8 /* productView.h */,
				D25338A7224ACFCE00BE7BF8 /* productView.m */,
				C81D7A02221F1EFE00703CD2 /* login\signup */,
				C81D79C7221F12CE00703CD2 /* HomePageTabView.h */,
				C81D79D1221F12CE00703CD2 /* HomePageTabView.m */,
				C81D79C8221F12CE00703CD2 /* MsgCenterTabView.h */,
				C81D79C9221F12CE00703CD2 /* MsgCenterTabView.m */,
				C81D79CA221F12CE00703CD2 /* QuickSellTabView.h */,
				C81D79D9221F12CF00703CD2 /* QuickSellTabView.m */,
				C81D79C5221F12CE00703CD2 /* AccountTabView.h */,
				C81D79CD221F12CE00703CD2 /* AccountTabView.m */,
			);
			path = View;
			sourceTree = "<group>";
		};
		C81D7A02221F1EFE00703CD2 /* login\signup */ = {
			isa = PBXGroup;
			children = (
				C81D79D2221F12CE00703CD2 /* LoginPageView.h */,
				C81D79D7221F12CF00703CD2 /* LoginPageView.m */,
				C8EA2945222C4A3700FDB7F0 /* SignupStep1View.h */,
				C8EA2946222C4A3700FDB7F0 /* SignupStep1View.m */,
				C8EA294E222C4E2800FDB7F0 /* SignupStep2View.h */,
				C8EA2943222C4A3700FDB7F0 /* SignupStep2View.m */,
				C8EA2949222C4A3800FDB7F0 /* SignupStep3View.h */,
				C8EA2948222C4A3800FDB7F0 /* SignupStep3View.m */,
				C8EA2942222C4A3700FDB7F0 /* SignupSuccessView.h */,
				C8EA2947222C4A3800FDB7F0 /* SignupSuccessView.m */,
			);
			path = "login\\signup";
			sourceTree = "<group>";
		};
		C81D7A03221F1F2100703CD2 /* login\singup */ = {
			isa = PBXGroup;
			children = (
				C81D79CC221F12CE00703CD2 /* LoginPageViewController.h */,
				C81D79D0221F12CE00703CD2 /* LoginPageViewController.m */,
				C8EA294F222C5B9B00FDB7F0 /* SignupStep1Controller.h */,
				C8EA2950222C5BA400FDB7F0 /* SignupStep1Controller.m */,
				C8EA2952222C5BB200FDB7F0 /* SignupStep2Controller.h */,
				C8EA2953222C5BBA00FDB7F0 /* SignupStep2Controller.m */,
				C8EA2955222C5BC900FDB7F0 /* SignupStep3Controller.h */,
				C8EA2956222C5BD300FDB7F0 /* SignupStep3Controller.m */,
				C8EA295B222C5C0C00FDB7F0 /* SignupSuccessController.h */,
				C8EA2959222C5BF100FDB7F0 /* SignupSuccessController.m */,
			);
			path = "login\\singup";
			sourceTree = "<group>";
		};
		C8EA295C222C5E0C00FDB7F0 /* components */ = {
			isa = PBXGroup;
			children = (
				C8EA295D222C5E6900FDB7F0 /* BaseController.h */,
				C8EA295E222C5E7800FDB7F0 /* BaseController.m */,
			);
			path = components;
			sourceTree = "<group>";
		};
/* End PBXGroup section */

/* Begin PBXNativeTarget section */
		C81D798E221F124F00703CD2 /* BookTrader */ = {
			isa = PBXNativeTarget;
			buildConfigurationList = C81D79BB221F125000703CD2 /* Build configuration list for PBXNativeTarget "BookTrader" */;
			buildPhases = (
				C81D798B221F124F00703CD2 /* Sources */,
				C81D798C221F124F00703CD2 /* Frameworks */,
				C81D798D221F124F00703CD2 /* Resources */,
			);
			buildRules = (
			);
			dependencies = (
			);
			name = BookTrader;
			productName = BookTrader;
			productReference = C81D798F221F124F00703CD2 /* BookTrader.app */;
			productType = "com.apple.product-type.application";
		};
		C81D79A6221F125000703CD2 /* BookTraderTests */ = {
			isa = PBXNativeTarget;
			buildConfigurationList = C81D79BE221F125000703CD2 /* Build configuration list for PBXNativeTarget "BookTraderTests" */;
			buildPhases = (
				C81D79A3221F125000703CD2 /* Sources */,
				C81D79A4221F125000703CD2 /* Frameworks */,
				C81D79A5221F125000703CD2 /* Resources */,
			);
			buildRules = (
			);
			dependencies = (
				C81D79A9221F125000703CD2 /* PBXTargetDependency */,
			);
			name = BookTraderTests;
			productName = BookTraderTests;
			productReference = C81D79A7221F125000703CD2 /* BookTraderTests.xctest */;
			productType = "com.apple.product-type.bundle.unit-test";
		};
		C81D79B1221F125000703CD2 /* BookTraderUITests */ = {
			isa = PBXNativeTarget;
			buildConfigurationList = C81D79C1221F125000703CD2 /* Build configuration list for PBXNativeTarget "BookTraderUITests" */;
			buildPhases = (
				C81D79AE221F125000703CD2 /* Sources */,
				C81D79AF221F125000703CD2 /* Frameworks */,
				C81D79B0221F125000703CD2 /* Resources */,
			);
			buildRules = (
			);
			dependencies = (
				C81D79B4221F125000703CD2 /* PBXTargetDependency */,
			);
			name = BookTraderUITests;
			productName = BookTraderUITests;
			productReference = C81D79B2221F125000703CD2 /* BookTraderUITests.xctest */;
			productType = "com.apple.product-type.bundle.ui-testing";
		};
/* End PBXNativeTarget section */

/* Begin PBXProject section */
		C81D7987221F124F00703CD2 /* Project object */ = {
			isa = PBXProject;
			attributes = {
				LastUpgradeCheck = 1010;
				ORGANIZATIONNAME = BookTrader;
				TargetAttributes = {
					C81D798E221F124F00703CD2 = {
						CreatedOnToolsVersion = 10.1;
					};
					C81D79A6221F125000703CD2 = {
						CreatedOnToolsVersion = 10.1;
						TestTargetID = C81D798E221F124F00703CD2;
					};
					C81D79B1221F125000703CD2 = {
						CreatedOnToolsVersion = 10.1;
						TestTargetID = C81D798E221F124F00703CD2;
					};
				};
			};
			buildConfigurationList = C81D798A221F124F00703CD2 /* Build configuration list for PBXProject "BookTrader" */;
			compatibilityVersion = "Xcode 9.3";
			developmentRegion = en;
			hasScannedForEncodings = 0;
			knownRegions = (
				en,
				Base,
			);
			mainGroup = C81D7986221F124F00703CD2;
			productRefGroup = C81D7990221F124F00703CD2 /* Products */;
			projectDirPath = "";
			projectRoot = "";
			targets = (
				C81D798E221F124F00703CD2 /* BookTrader */,
				C81D79A6221F125000703CD2 /* BookTraderTests */,
				C81D79B1221F125000703CD2 /* BookTraderUITests */,
			);
		};
/* End PBXProject section */

/* Begin PBXResourcesBuildPhase section */
		C81D798D221F124F00703CD2 /* Resources */ = {
			isa = PBXResourcesBuildPhase;
			buildActionMask = 2147483647;
			files = (
				AAB3B056222CC6EA00FD9B89 /* home_btn@2x.png in Resources */,
				C81D79F7221F12D000703CD2 /* images.png in Resources */,
				C81D79FC221F160D00703CD2 /* Main.storyboard in Resources */,
				C81D799F221F125000703CD2 /* LaunchScreen.storyboard in Resources */,
				D25338AD224ACFE900BE7BF8 /* scan.png in Resources */,
				C81D79F5221F12D000703CD2 /* bookstore-logo.jpg in Resources */,
				C81D79F6221F12D000703CD2 /* book_store.jpeg in Resources */,
				C81D79F3221F12D000703CD2 /* bookSample.jpg in Resources */,
				AAB3B05C222CD2C800FD9B89 /* demo_listView.png in Resources */,
				C81D79F2221F12CF00703CD2 /* bookSample2.png in Resources */,
				C81D79F4221F12D000703CD2 /* ku.png in Resources */,
				AAB3B05E222CD89500FD9B89 /* demo_gridView.png in Resources */,
				AAB3B05A222CCAFA00FD9B89 /* msg.png in Resources */,
			);
			runOnlyForDeploymentPostprocessing = 0;
		};
		C81D79A5221F125000703CD2 /* Resources */ = {
			isa = PBXResourcesBuildPhase;
			buildActionMask = 2147483647;
			files = (
			);
			runOnlyForDeploymentPostprocessing = 0;
		};
		C81D79B0221F125000703CD2 /* Resources */ = {
			isa = PBXResourcesBuildPhase;
			buildActionMask = 2147483647;
			files = (
			);
			runOnlyForDeploymentPostprocessing = 0;
		};
/* End PBXResourcesBuildPhase section */

/* Begin PBXSourcesBuildPhase section */
		C81D798B221F124F00703CD2 /* Sources */ = {
			isa = PBXSourcesBuildPhase;
			buildActionMask = 2147483647;
			files = (
				C81D79EC221F12CF00703CD2 /* AccountTabViewController.m in Sources */,
				D2533896224ACF2800BE7BF8 /* UserModel.m in Sources */,
				C81D79E8221F12CF00703CD2 /* QuickSellTabViewController.m in Sources */,
				D25338AA224ACFCE00BE7BF8 /* productView.m in Sources */,
				C81D79EA221F12CF00703CD2 /* LoginPageViewController.m in Sources */,
				C81D79EF221F12CF00703CD2 /* BookItemGrid.m in Sources */,
				C81D79A2221F125000703CD2 /* main.m in Sources */,
				C81D79E9221F12CF00703CD2 /* AccountTabView.m in Sources */,
				C81D79E7221F12CF00703CD2 /* MsgCenterTabView.m in Sources */,
				C8EA2954222C5BBA00FDB7F0 /* SignupStep2Controller.m in Sources */,
				C81D7994221F124F00703CD2 /* AppDelegate.m in Sources */,
				C81D79EE221F12CF00703CD2 /* LoginPageView.m in Sources */,
				C8EA295F222C5E7800FDB7F0 /* BaseController.m in Sources */,
				C81D79F1221F12CF00703CD2 /* ViewController.m in Sources */,
				D25338AB224ACFCE00BE7BF8 /* AVCamPreviewView.m in Sources */,
				C8EA294C222C4A3800FDB7F0 /* SignupSuccessView.m in Sources */,
				D253389C224ACF3C00BE7BF8 /* AVCamCameraViewController.m in Sources */,
				C81D79E6221F12CF00703CD2 /* HomePageTabViewController.m in Sources */,
				C8EA294A222C4A3800FDB7F0 /* SignupStep2View.m in Sources */,
				D2533897224ACF2800BE7BF8 /* BookModel.m in Sources */,
				D253389D224ACF3C00BE7BF8 /* productViewController.m in Sources */,
				C81D79EB221F12CF00703CD2 /* HomePageTabView.m in Sources */,
				C81D79E5221F12CF00703CD2 /* MsgCenterTabViewController.m in Sources */,
				C81D79F0221F12CF00703CD2 /* QuickSellTabView.m in Sources */,
				C8EA294B222C4A3800FDB7F0 /* SignupStep1View.m in Sources */,
				C8EA2951222C5BA400FDB7F0 /* SignupStep1Controller.m in Sources */,
				C8EA2957222C5BD300FDB7F0 /* SignupStep3Controller.m in Sources */,
				C81D79ED221F12CF00703CD2 /* BookItem.m in Sources */,
				C8EA295A222C5BF100FDB7F0 /* SignupSuccessController.m in Sources */,
				C8EA294D222C4A3800FDB7F0 /* SignupStep3View.m in Sources */,
			);
			runOnlyForDeploymentPostprocessing = 0;
		};
		C81D79A3221F125000703CD2 /* Sources */ = {
			isa = PBXSourcesBuildPhase;
			buildActionMask = 2147483647;
			files = (
				C81D79AC221F125000703CD2 /* BookTraderTests.m in Sources */,
			);
			runOnlyForDeploymentPostprocessing = 0;
		};
		C81D79AE221F125000703CD2 /* Sources */ = {
			isa = PBXSourcesBuildPhase;
			buildActionMask = 2147483647;
			files = (
				C81D79B7221F125000703CD2 /* BookTraderUITests.m in Sources */,
			);
			runOnlyForDeploymentPostprocessing = 0;
		};
/* End PBXSourcesBuildPhase section */

/* Begin PBXTargetDependency section */
		C81D79A9221F125000703CD2 /* PBXTargetDependency */ = {
			isa = PBXTargetDependency;
			target = C81D798E221F124F00703CD2 /* BookTrader */;
			targetProxy = C81D79A8221F125000703CD2 /* PBXContainerItemProxy */;
		};
		C81D79B4221F125000703CD2 /* PBXTargetDependency */ = {
			isa = PBXTargetDependency;
			target = C81D798E221F124F00703CD2 /* BookTrader */;
			targetProxy = C81D79B3221F125000703CD2 /* PBXContainerItemProxy */;
		};
/* End PBXTargetDependency section */

/* Begin PBXVariantGroup section */
		C81D799D221F125000703CD2 /* LaunchScreen.storyboard */ = {
			isa = PBXVariantGroup;
			children = (
				C81D799E221F125000703CD2 /* Base */,
			);
			name = LaunchScreen.storyboard;
			sourceTree = "<group>";
		};
		C81D79FA221F160D00703CD2 /* Main.storyboard */ = {
			isa = PBXVariantGroup;
			children = (
				C81D79FB221F160D00703CD2 /* Base */,
			);
			name = Main.storyboard;
			sourceTree = "<group>";
		};
/* End PBXVariantGroup section */

/* Begin XCBuildConfiguration section */
		C81D79B9221F125000703CD2 /* Debug */ = {
			isa = XCBuildConfiguration;
			buildSettings = {
				ALWAYS_SEARCH_USER_PATHS = NO;
				CLANG_ANALYZER_NONNULL = YES;
				CLANG_ANALYZER_NUMBER_OBJECT_CONVERSION = YES_AGGRESSIVE;
				CLANG_CXX_LANGUAGE_STANDARD = "gnu++14";
				CLANG_CXX_LIBRARY = "libc++";
				CLANG_ENABLE_MODULES = YES;
				CLANG_ENABLE_OBJC_ARC = YES;
				CLANG_ENABLE_OBJC_WEAK = YES;
				CLANG_WARN_BLOCK_CAPTURE_AUTORELEASING = YES;
				CLANG_WARN_BOOL_CONVERSION = YES;
				CLANG_WARN_COMMA = YES;
				CLANG_WARN_CONSTANT_CONVERSION = YES;
				CLANG_WARN_DEPRECATED_OBJC_IMPLEMENTATIONS = YES;
				CLANG_WARN_DIRECT_OBJC_ISA_USAGE = YES_ERROR;
				CLANG_WARN_DOCUMENTATION_COMMENTS = YES;
				CLANG_WARN_EMPTY_BODY = YES;
				CLANG_WARN_ENUM_CONVERSION = YES;
				CLANG_WARN_INFINITE_RECURSION = YES;
				CLANG_WARN_INT_CONVERSION = YES;
				CLANG_WARN_NON_LITERAL_NULL_CONVERSION = YES;
				CLANG_WARN_OBJC_IMPLICIT_RETAIN_SELF = YES;
				CLANG_WARN_OBJC_LITERAL_CONVERSION = YES;
				CLANG_WARN_OBJC_ROOT_CLASS = YES_ERROR;
				CLANG_WARN_RANGE_LOOP_ANALYSIS = YES;
				CLANG_WARN_STRICT_PROTOTYPES = YES;
				CLANG_WARN_SUSPICIOUS_MOVE = YES;
				CLANG_WARN_UNGUARDED_AVAILABILITY = YES_AGGRESSIVE;
				CLANG_WARN_UNREACHABLE_CODE = YES;
				CLANG_WARN__DUPLICATE_METHOD_MATCH = YES;
				CODE_SIGN_IDENTITY = "iPhone Developer";
				COPY_PHASE_STRIP = NO;
				DEBUG_INFORMATION_FORMAT = dwarf;
				ENABLE_STRICT_OBJC_MSGSEND = YES;
				ENABLE_TESTABILITY = YES;
				GCC_C_LANGUAGE_STANDARD = gnu11;
				GCC_DYNAMIC_NO_PIC = NO;
				GCC_NO_COMMON_BLOCKS = YES;
				GCC_OPTIMIZATION_LEVEL = 0;
				GCC_PREPROCESSOR_DEFINITIONS = (
					"DEBUG=1",
					"$(inherited)",
				);
				GCC_WARN_64_TO_32_BIT_CONVERSION = YES;
				GCC_WARN_ABOUT_RETURN_TYPE = YES_ERROR;
				GCC_WARN_UNDECLARED_SELECTOR = YES;
				GCC_WARN_UNINITIALIZED_AUTOS = YES_AGGRESSIVE;
				GCC_WARN_UNUSED_FUNCTION = YES;
				GCC_WARN_UNUSED_VARIABLE = YES;
				IPHONEOS_DEPLOYMENT_TARGET = 12.1;
				MTL_ENABLE_DEBUG_INFO = INCLUDE_SOURCE;
				MTL_FAST_MATH = YES;
				ONLY_ACTIVE_ARCH = YES;
				SDKROOT = iphoneos;
			};
			name = Debug;
		};
		C81D79BA221F125000703CD2 /* Release */ = {
			isa = XCBuildConfiguration;
			buildSettings = {
				ALWAYS_SEARCH_USER_PATHS = NO;
				CLANG_ANALYZER_NONNULL = YES;
				CLANG_ANALYZER_NUMBER_OBJECT_CONVERSION = YES_AGGRESSIVE;
				CLANG_CXX_LANGUAGE_STANDARD = "gnu++14";
				CLANG_CXX_LIBRARY = "libc++";
				CLANG_ENABLE_MODULES = YES;
				CLANG_ENABLE_OBJC_ARC = YES;
				CLANG_ENABLE_OBJC_WEAK = YES;
				CLANG_WARN_BLOCK_CAPTURE_AUTORELEASING = YES;
				CLANG_WARN_BOOL_CONVERSION = YES;
				CLANG_WARN_COMMA = YES;
				CLANG_WARN_CONSTANT_CONVERSION = YES;
				CLANG_WARN_DEPRECATED_OBJC_IMPLEMENTATIONS = YES;
				CLANG_WARN_DIRECT_OBJC_ISA_USAGE = YES_ERROR;
				CLANG_WARN_DOCUMENTATION_COMMENTS = YES;
				CLANG_WARN_EMPTY_BODY = YES;
				CLANG_WARN_ENUM_CONVERSION = YES;
				CLANG_WARN_INFINITE_RECURSION = YES;
				CLANG_WARN_INT_CONVERSION = YES;
				CLANG_WARN_NON_LITERAL_NULL_CONVERSION = YES;
				CLANG_WARN_OBJC_IMPLICIT_RETAIN_SELF = YES;
				CLANG_WARN_OBJC_LITERAL_CONVERSION = YES;
				CLANG_WARN_OBJC_ROOT_CLASS = YES_ERROR;
				CLANG_WARN_RANGE_LOOP_ANALYSIS = YES;
				CLANG_WARN_STRICT_PROTOTYPES = YES;
				CLANG_WARN_SUSPICIOUS_MOVE = YES;
				CLANG_WARN_UNGUARDED_AVAILABILITY = YES_AGGRESSIVE;
				CLANG_WARN_UNREACHABLE_CODE = YES;
				CLANG_WARN__DUPLICATE_METHOD_MATCH = YES;
				CODE_SIGN_IDENTITY = "iPhone Developer";
				COPY_PHASE_STRIP = NO;
				DEBUG_INFORMATION_FORMAT = "dwarf-with-dsym";
				ENABLE_NS_ASSERTIONS = NO;
				ENABLE_STRICT_OBJC_MSGSEND = YES;
				GCC_C_LANGUAGE_STANDARD = gnu11;
				GCC_NO_COMMON_BLOCKS = YES;
				GCC_WARN_64_TO_32_BIT_CONVERSION = YES;
				GCC_WARN_ABOUT_RETURN_TYPE = YES_ERROR;
				GCC_WARN_UNDECLARED_SELECTOR = YES;
				GCC_WARN_UNINITIALIZED_AUTOS = YES_AGGRESSIVE;
				GCC_WARN_UNUSED_FUNCTION = YES;
				GCC_WARN_UNUSED_VARIABLE = YES;
				IPHONEOS_DEPLOYMENT_TARGET = 12.1;
				MTL_ENABLE_DEBUG_INFO = NO;
				MTL_FAST_MATH = YES;
				SDKROOT = iphoneos;
				VALIDATE_PRODUCT = YES;
			};
			name = Release;
		};
		C81D79BC221F125000703CD2 /* Debug */ = {
			isa = XCBuildConfiguration;
			buildSettings = {
				ASSETCATALOG_COMPILER_APPICON_NAME = AppIcon;
				CODE_SIGN_STYLE = Automatic;
				DEVELOPMENT_TEAM = AUYLQLSPLU;
				INFOPLIST_FILE = BookTrader/Info.plist;
				LD_RUNPATH_SEARCH_PATHS = (
					"$(inherited)",
					"@executable_path/Frameworks",
				);
				PRODUCT_BUNDLE_IDENTIFIER = com.BookTrader;
				PRODUCT_NAME = "$(TARGET_NAME)";
				TARGETED_DEVICE_FAMILY = "1,2";
			};
			name = Debug;
		};
		C81D79BD221F125000703CD2 /* Release */ = {
			isa = XCBuildConfiguration;
			buildSettings = {
				ASSETCATALOG_COMPILER_APPICON_NAME = AppIcon;
				CODE_SIGN_STYLE = Automatic;
				DEVELOPMENT_TEAM = AUYLQLSPLU;
				INFOPLIST_FILE = BookTrader/Info.plist;
				LD_RUNPATH_SEARCH_PATHS = (
					"$(inherited)",
					"@executable_path/Frameworks",
				);
				PRODUCT_BUNDLE_IDENTIFIER = com.BookTrader;
				PRODUCT_NAME = "$(TARGET_NAME)";
				TARGETED_DEVICE_FAMILY = "1,2";
			};
			name = Release;
		};
		C81D79BF221F125000703CD2 /* Debug */ = {
			isa = XCBuildConfiguration;
			buildSettings = {
				BUNDLE_LOADER = "$(TEST_HOST)";
				CODE_SIGN_STYLE = Automatic;
				DEVELOPMENT_TEAM = AUYLQLSPLU;
				INFOPLIST_FILE = BookTraderTests/Info.plist;
				LD_RUNPATH_SEARCH_PATHS = (
					"$(inherited)",
					"@executable_path/Frameworks",
					"@loader_path/Frameworks",
				);
				PRODUCT_BUNDLE_IDENTIFIER = com.BookTraderTests;
				PRODUCT_NAME = "$(TARGET_NAME)";
				TARGETED_DEVICE_FAMILY = "1,2";
				TEST_HOST = "$(BUILT_PRODUCTS_DIR)/BookTrader.app/BookTrader";
			};
			name = Debug;
		};
		C81D79C0221F125000703CD2 /* Release */ = {
			isa = XCBuildConfiguration;
			buildSettings = {
				BUNDLE_LOADER = "$(TEST_HOST)";
				CODE_SIGN_STYLE = Automatic;
				DEVELOPMENT_TEAM = AUYLQLSPLU;
				INFOPLIST_FILE = BookTraderTests/Info.plist;
				LD_RUNPATH_SEARCH_PATHS = (
					"$(inherited)",
					"@executable_path/Frameworks",
					"@loader_path/Frameworks",
				);
				PRODUCT_BUNDLE_IDENTIFIER = com.BookTraderTests;
				PRODUCT_NAME = "$(TARGET_NAME)";
				TARGETED_DEVICE_FAMILY = "1,2";
				TEST_HOST = "$(BUILT_PRODUCTS_DIR)/BookTrader.app/BookTrader";
			};
			name = Release;
		};
		C81D79C2221F125000703CD2 /* Debug */ = {
			isa = XCBuildConfiguration;
			buildSettings = {
				CODE_SIGN_STYLE = Automatic;
				DEVELOPMENT_TEAM = AUYLQLSPLU;
				INFOPLIST_FILE = BookTraderUITests/Info.plist;
				LD_RUNPATH_SEARCH_PATHS = (
					"$(inherited)",
					"@executable_path/Frameworks",
					"@loader_path/Frameworks",
				);
				PRODUCT_BUNDLE_IDENTIFIER = com.BookTraderUITests;
				PRODUCT_NAME = "$(TARGET_NAME)";
				TARGETED_DEVICE_FAMILY = "1,2";
				TEST_TARGET_NAME = BookTrader;
			};
			name = Debug;
		};
		C81D79C3221F125000703CD2 /* Release */ = {
			isa = XCBuildConfiguration;
			buildSettings = {
				CODE_SIGN_STYLE = Automatic;
				DEVELOPMENT_TEAM = AUYLQLSPLU;
				INFOPLIST_FILE = BookTraderUITests/Info.plist;
				LD_RUNPATH_SEARCH_PATHS = (
					"$(inherited)",
					"@executable_path/Frameworks",
					"@loader_path/Frameworks",
				);
				PRODUCT_BUNDLE_IDENTIFIER = com.BookTraderUITests;
				PRODUCT_NAME = "$(TARGET_NAME)";
				TARGETED_DEVICE_FAMILY = "1,2";
				TEST_TARGET_NAME = BookTrader;
			};
			name = Release;
		};
/* End XCBuildConfiguration section */

/* Begin XCConfigurationList section */
		C81D798A221F124F00703CD2 /* Build configuration list for PBXProject "BookTrader" */ = {
			isa = XCConfigurationList;
			buildConfigurations = (
				C81D79B9221F125000703CD2 /* Debug */,
				C81D79BA221F125000703CD2 /* Release */,
			);
			defaultConfigurationIsVisible = 0;
			defaultConfigurationName = Release;
		};
		C81D79BB221F125000703CD2 /* Build configuration list for PBXNativeTarget "BookTrader" */ = {
			isa = XCConfigurationList;
			buildConfigurations = (
				C81D79BC221F125000703CD2 /* Debug */,
				C81D79BD221F125000703CD2 /* Release */,
			);
			defaultConfigurationIsVisible = 0;
			defaultConfigurationName = Release;
		};
		C81D79BE221F125000703CD2 /* Build configuration list for PBXNativeTarget "BookTraderTests" */ = {
			isa = XCConfigurationList;
			buildConfigurations = (
				C81D79BF221F125000703CD2 /* Debug */,
				C81D79C0221F125000703CD2 /* Release */,
			);
			defaultConfigurationIsVisible = 0;
			defaultConfigurationName = Release;
		};
		C81D79C1221F125000703CD2 /* Build configuration list for PBXNativeTarget "BookTraderUITests" */ = {
			isa = XCConfigurationList;
			buildConfigurations = (
				C81D79C2221F125000703CD2 /* Debug */,
				C81D79C3221F125000703CD2 /* Release */,
			);
			defaultConfigurationIsVisible = 0;
			defaultConfigurationName = Release;
		};
/* End XCConfigurationList section */
	};
	rootObject = C81D7987221F124F00703CD2 /* Project object */;
}
